
Microsoft Visual Studio Solution File, Format Version 12.00
# Visual Studio 15
VisualStudioVersion = 15.0.28307.572
MinimumVisualStudioVersion = 10.0.40219.1
Project("{8BC9CEB8-8B4A-11D0-8D11-00A0C91BC942}") = "Hybrid_Astar", "Hybrid_Astar\Hybrid_Astar.vcxproj", "{685E7EFE-5E52-4137-B876-AD9198E5B23B}"
EndProject
Global
	GlobalSection(SolutionConfigurationPlatforms) = preSolution
		Debug|x64 = Debug|x64
		Debug|x86 = Debug|x86
		Release|x64 = Release|x64
		Release|x86 = Release|x86
	EndGlobalSection
	GlobalSection(ProjectConfigurationPlatforms) = postSolution
		{685E7EFE-5E52-4137-B876-AD9198E5B23B}.Debug|x64.ActiveCfg = Debug|x64
		{685E7EFE-5E52-4137-B876-AD9198E5B23B}.Debug|x64.Build.0 = Debug|x64
		{685E7EFE-5E52-4137-B876-AD9198E5B23B}.Debug|x86.ActiveCfg = Debug|Win32
		{685E7EFE-5E52-4137-B876-AD9198E5B23B}.Debug|x86.Build.0 = Debug|Win32
		{685E7EFE-5E52-4137-B876-AD9198E5B23B}.Release|x64.ActiveCfg = Release|x64
		{685E7EFE-5E52-4137-B876-AD9198E5B23B}.Release|x64.Build.0 = Release|x64
		{685E7EFE-5E52-4137-B876-AD9198E5B23B}.Release|x86.ActiveCfg = Release|Win32
		{685E7EFE-5E52-4137-B876-AD9198E5B23B}.Release|x86.Build.0 = Release|Win32
	EndGlobalSection
	GlobalSection(SolutionProperties) = preSolution
		HideSolutionNode = FALSE
	EndGlobalSection
	GlobalSection(ExtensibilityGlobals) = postSolution
		SolutionGuid = {882B6B51-E9BC-42DF-B631-A98E220DCFCB}
	EndGlobalSection
EndGlobal
